<?xml version="1.0" encoding="utf-8"?>
<Project ToolsVersion="4.0" xmlns="http://schemas.microsoft.com/developer/msbuild/2003">
  <ItemGroup>
    <Filter Include="Source Files">
      <UniqueIdentifier>{4FC737F1-C7A5-4376-A066-2A32D752A2FF}</UniqueIdentifier>
      <Extensions>cpp;c;cc;cxx;def;odl;idl;hpj;bat;asm;asmx</Extensions>
    </Filter>
    <Filter Include="Header Files">
      <UniqueIdentifier>{93995380-89BD-4b04-88EB-625FBE52EBFB}</UniqueIdentifier>
      <Extensions>h;hh;hpp;hxx;hm;inl;inc;ipp;xsd</Extensions>
    </Filter>
    <Filter Include="Resource Files">
      <UniqueIdentifier>{67DA6AB6-F800-4c08-8B7A-83BB121AAD01}</UniqueIdentifier>
      <Extensions>rc;ico;cur;bmp;dlg;rc2;rct;bin;rgs;gif;jpg;jpeg;jpe;resx;tiff;tif;png;wav;mfcribbon-ms</Extensions>
    </Filter>
  </ItemGroup>
  <ItemGroup>
    <ClCompile Include="Source.cpp">
      <Filter>Source Files</Filter>
    </ClCompile>
    <ClCompile Include="olcSimpleEngine.cpp">
      <Filter>Resource Files</Filter>
    </ClCompile>
    <ClCompile Include="PlantsGame.cpp">
      <Filter>Source Files</Filter>
    </ClCompile>
    <ClCompile Include="Card.cpp">
      <Filter>Source Files</Filter>
    </ClCompile>
    <ClCompile Include="Tile.cpp">
      <Filter>Source Files</Filter>
    </ClCompile>
    <ClCompile Include="EnvironmentObject.cpp">
      <Filter>Source Files</Filter>
    </ClCompile>
    <ClCompile Include="DynamicObject.cpp">
      <Filter>Source Files</Filter>
    </ClCompile>
    <ClCompile Include="Neo.cpp">
      <Filter>Source Files</Filter>
    </ClCompile>
    <ClCompile Include="Smith.cpp">
      <Filter>Source Files</Filter>
    </ClCompile>
    <ClCompile Include="Bullet.cpp">
      <Filter>Source Files</Filter>
    </ClCompile>
    <ClCompile Include="Energy.cpp">
      <Filter>Source Files</Filter>
    </ClCompile>
    <ClCompile Include="Machine.cpp">
      <Filter>Source Files</Filter>
    </ClCompile>
    <ClCompile Include="Human.cpp">
      <Filter>Source Files</Filter>
    </ClCompile>
    <ClCompile Include="CardMachine.cpp">
      <Filter>Source Files</Filter>
    </ClCompile>
    <ClCompile Include="CardSmith.cpp">
      <Filter>Source Files</Filter>
    </ClCompile>
    <ClCompile Include="Morpheus.cpp">
      <Filter>Source Files</Filter>
    </ClCompile>
  </ItemGroup>
  <ItemGroup>
    <ClInclude Include="olcSimpleEngine.h">
      <Filter>Header Files</Filter>
    </ClInclude>
    <ClInclude Include="PlantsGame.h">
      <Filter>Header Files</Filter>
    </ClInclude>
    <ClInclude Include="Tile.h">
      <Filter>Header Files</Filter>
    </ClInclude>
    <ClInclude Include="Card.h">
      <Filter>Header Files</Filter>
    </ClInclude>
    <ClInclude Include="EnvironmentObject.h">
      <Filter>Header Files</Filter>
    </ClInclude>
    <ClInclude Include="DynamicObject.h">
      <Filter>Header Files</Filter>
    </ClInclude>
    <ClInclude Include="Neo.h">
      <Filter>Header Files</Filter>
    </ClInclude>
    <ClInclude Include="CardMachine.h">
      <Filter>Header Files</Filter>
    </ClInclude>
    <ClInclude Include="CardSmith.h">
      <Filter>Header Files</Filter>
    </ClInclude>
    <ClInclude Include="Smith.h">
      <Filter>Header Files</Filter>
    </ClInclude>
    <ClInclude Include="Bullet.h">
      <Filter>Header Files</Filter>
    </ClInclude>
    <ClInclude Include="Energy.h">
      <Filter>Header Files</Filter>
    </ClInclude>
    <ClInclude Include="Machine.h">
      <Filter>Header Files</Filter>
    </ClInclude>
    <ClInclude Include="Human.h">
      <Filter>Header Files</Filter>
    </ClInclude>
    <ClInclude Include="Morpheus.h">
      <Filter>Header Files</Filter>
    </ClInclude>
  </ItemGroup>
  <ItemGroup>
    <Image Include="Sprites\seed.png">
      <Filter>Resource Files</Filter>
    </Image>
    <Image Include="Sprites\peashooter1.png">
      <Filter>Resource Files</Filter>
    </Image>
    <Image Include="Sprites\sunflower1.PNG">
      <Filter>Resource Files</Filter>
    </Image>
    <Image Include="Sprites\sun1.PNG">
      <Filter>Resource Files</Filter>
    </Image>
    <Image Include="Sprites\zombie1.PNG">
      <Filter>Resource Files</Filter>
    </Image>
  </ItemGroup>
</Project>